
Microsoft Visual Studio Solution File, Format Version 12.00
# Visual Studio 15
VisualStudioVersion = 15.0.28307.271
MinimumVisualStudioVersion = 10.0.40219.1
Project("{FAE04EC0-301F-11D3-BF4B-00C04F79EFBC}") = "TestDBOn31082019", "TestDBOn31082019\TestDBOn31082019.csproj", "{61B49AD2-338F-41A7-BF6B-5BD4D1338AF9}"
EndProject
Global
	GlobalSection(SolutionConfigurationPlatforms) = preSolution
		Debug|Any CPU = Debug|Any CPU
		Release|Any CPU = Release|Any CPU
	EndGlobalSection
	GlobalSection(ProjectConfigurationPlatforms) = postSolution
		{61B49AD2-338F-41A7-BF6B-5BD4D1338AF9}.Debug|Any CPU.ActiveCfg = Debug|Any CPU
		{61B49AD2-338F-41A7-BF6B-5BD4D1338AF9}.Debug|Any CPU.Build.0 = Debug|Any CPU
		{61B49AD2-338F-41A7-BF6B-5BD4D1338AF9}.Release|Any CPU.ActiveCfg = Release|Any CPU
		{61B49AD2-338F-41A7-BF6B-5BD4D1338AF9}.Release|Any CPU.Build.0 = Release|Any CPU
	EndGlobalSection
	GlobalSection(SolutionProperties) = preSolution
		HideSolutionNode = FALSE
	EndGlobalSection
	GlobalSection(ExtensibilityGlobals) = postSolution
		SolutionGuid = {5CBDC533-E46C-4422-8C48-15D21D22E315}
	EndGlobalSection
EndGlobal
